
Microsoft Visual Studio Solution File, Format Version 12.00
# Visual Studio Version 17
VisualStudioVersion = 17.12.35527.113 d17.12
MinimumVisualStudioVersion = 10.0.40219.1
Project("{FAE04EC0-301F-11D3-BF4B-00C04F79EFBC}") = "praktika27", "praktika27.csproj", "{5999A2C3-1876-418C-9971-B1F30CEBF1AF}"
EndProject
Global
	GlobalSection(SolutionConfigurationPlatforms) = preSolution
		Debug|Any CPU = Debug|Any CPU
		Release|Any CPU = Release|Any CPU
	EndGlobalSection
	GlobalSection(ProjectConfigurationPlatforms) = postSolution
		{5999A2C3-1876-418C-9971-B1F30CEBF1AF}.Debug|Any CPU.ActiveCfg = Debug|Any CPU
		{5999A2C3-1876-418C-9971-B1F30CEBF1AF}.Debug|Any CPU.Build.0 = Debug|Any CPU
		{5999A2C3-1876-418C-9971-B1F30CEBF1AF}.Release|Any CPU.ActiveCfg = Release|Any CPU
		{5999A2C3-1876-418C-9971-B1F30CEBF1AF}.Release|Any CPU.Build.0 = Release|Any CPU
	EndGlobalSection
	GlobalSection(SolutionProperties) = preSolution
		HideSolutionNode = FALSE
	EndGlobalSection
EndGlobal
